
Microsoft Visual Studio Solution File, Format Version 12.00
Project("{FAE04EC0-301F-11D3-BF4B-00C04F79EFBC}") = "BE.League.Desktop", "BE.League.Desktop\BE.League.Desktop.csproj", "{48BA0F49-78B9-4D06-B4DF-39EAAFCB6B6C}"
EndProject
Project("{FAE04EC0-301F-11D3-BF4B-00C04F79EFBC}") = "BE.League.Desktop.Tests", "BE.League.Desktop.Tests\BE.League.Desktop.Tests.csproj", "{4B02CD3D-837E-4FD4-B992-745A8647D8AB}"
EndProject
Project("{FAE04EC0-301F-11D3-BF4B-00C04F79EFBC}") = "BE.League.Desktop.Console", "Examples\BE.League.Desktop.Console\BE.League.Desktop.Console.csproj", "{509728FE-5B7F-4325-AAF4-2B4991E28C76}"
EndProject
Project("{2150E333-8FDC-42A3-9474-1A3956D46DE8}") = "Examples", "Examples", "{002C71C7-369D-4A84-BEE8-30F577A04728}"
EndProject
Project("{FAE04EC0-301F-11D3-BF4B-00C04F79EFBC}") = "BE.League.Desktop.AutoAccept", "Examples\BE.League.Desktop.AutoAccept\BE.League.Desktop.AutoAccept.csproj", "{267917BB-DB29-43AF-8B42-F8CE40981E74}"
EndProject
Project("{FAE04EC0-301F-11D3-BF4B-00C04F79EFBC}") = "BE.League.Desktop.IntegrationTests", "BE.League.Desktop.IntegrationTests\BE.League.Desktop.IntegrationTests.csproj", "{0AED4C40-4A62-42A2-9106-2E09C128FEED}"
EndProject
Global
	GlobalSection(SolutionConfigurationPlatforms) = preSolution
		Debug|Any CPU = Debug|Any CPU
		Release|Any CPU = Release|Any CPU
	EndGlobalSection
	GlobalSection(ProjectConfigurationPlatforms) = postSolution
		{48BA0F49-78B9-4D06-B4DF-39EAAFCB6B6C}.Debug|Any CPU.ActiveCfg = Debug|Any CPU
		{48BA0F49-78B9-4D06-B4DF-39EAAFCB6B6C}.Debug|Any CPU.Build.0 = Debug|Any CPU
		{48BA0F49-78B9-4D06-B4DF-39EAAFCB6B6C}.Release|Any CPU.ActiveCfg = Release|Any CPU
		{48BA0F49-78B9-4D06-B4DF-39EAAFCB6B6C}.Release|Any CPU.Build.0 = Release|Any CPU
		{4B02CD3D-837E-4FD4-B992-745A8647D8AB}.Debug|Any CPU.ActiveCfg = Debug|Any CPU
		{4B02CD3D-837E-4FD4-B992-745A8647D8AB}.Debug|Any CPU.Build.0 = Debug|Any CPU
		{4B02CD3D-837E-4FD4-B992-745A8647D8AB}.Release|Any CPU.ActiveCfg = Release|Any CPU
		{4B02CD3D-837E-4FD4-B992-745A8647D8AB}.Release|Any CPU.Build.0 = Release|Any CPU
		{509728FE-5B7F-4325-AAF4-2B4991E28C76}.Debug|Any CPU.ActiveCfg = Debug|Any CPU
		{509728FE-5B7F-4325-AAF4-2B4991E28C76}.Debug|Any CPU.Build.0 = Debug|Any CPU
		{509728FE-5B7F-4325-AAF4-2B4991E28C76}.Release|Any CPU.ActiveCfg = Release|Any CPU
		{509728FE-5B7F-4325-AAF4-2B4991E28C76}.Release|Any CPU.Build.0 = Release|Any CPU
		{267917BB-DB29-43AF-8B42-F8CE40981E74}.Debug|Any CPU.ActiveCfg = Debug|Any CPU
		{267917BB-DB29-43AF-8B42-F8CE40981E74}.Debug|Any CPU.Build.0 = Debug|Any CPU
		{267917BB-DB29-43AF-8B42-F8CE40981E74}.Release|Any CPU.ActiveCfg = Release|Any CPU
		{267917BB-DB29-43AF-8B42-F8CE40981E74}.Release|Any CPU.Build.0 = Release|Any CPU
		{0AED4C40-4A62-42A2-9106-2E09C128FEED}.Debug|Any CPU.ActiveCfg = Debug|Any CPU
		{0AED4C40-4A62-42A2-9106-2E09C128FEED}.Debug|Any CPU.Build.0 = Debug|Any CPU
		{0AED4C40-4A62-42A2-9106-2E09C128FEED}.Release|Any CPU.ActiveCfg = Release|Any CPU
		{0AED4C40-4A62-42A2-9106-2E09C128FEED}.Release|Any CPU.Build.0 = Release|Any CPU
	EndGlobalSection
	GlobalSection(NestedProjects) = preSolution
		{509728FE-5B7F-4325-AAF4-2B4991E28C76} = {002C71C7-369D-4A84-BEE8-30F577A04728}
		{267917BB-DB29-43AF-8B42-F8CE40981E74} = {002C71C7-369D-4A84-BEE8-30F577A04728}
	EndGlobalSection
EndGlobal
